
Microsoft Visual Studio Solution File, Format Version 12.00
# Visual Studio Version 17
VisualStudioVersion = 17.0.31612.314
MinimumVisualStudioVersion = 10.0.40219.1
Project("{9A19103F-16F7-4668-BE54-9A1E7A4F7556}") = "VersionUpdater.Net", "VersionUpdater.Net\VersionUpdater.Net.csproj", "{DBD3A4FA-A4AF-4087-9EE0-C696D37E213C}"
EndProject
Global
	GlobalSection(SolutionConfigurationPlatforms) = preSolution
		Debug|Any CPU = Debug|Any CPU
		Release|Any CPU = Release|Any CPU
	EndGlobalSection
	GlobalSection(ProjectConfigurationPlatforms) = postSolution
		{DBD3A4FA-A4AF-4087-9EE0-C696D37E213C}.Debug|Any CPU.ActiveCfg = Debug|Any CPU
		{DBD3A4FA-A4AF-4087-9EE0-C696D37E213C}.Debug|Any CPU.Build.0 = Debug|Any CPU
		{DBD3A4FA-A4AF-4087-9EE0-C696D37E213C}.Release|Any CPU.ActiveCfg = Release|Any CPU
		{DBD3A4FA-A4AF-4087-9EE0-C696D37E213C}.Release|Any CPU.Build.0 = Release|Any CPU
	EndGlobalSection
	GlobalSection(SolutionProperties) = preSolution
		HideSolutionNode = FALSE
	EndGlobalSection
	GlobalSection(ExtensibilityGlobals) = postSolution
		SolutionGuid = {5923ED23-362B-4207-8F6B-A8013B6A517B}
	EndGlobalSection
EndGlobal
